// !$*UTF8*$!
{
	archiveVersion = 1;
	classes = {
	};
	objectVersion = 45;
	objects = {

/* Begin PBXBuildFile section */
		1DDD58160DA1D0A300B32029 /* MainMenu.xib in Resources */ = {isa = PBXBuildFile; fileRef = 1DDD58140DA1D0A300B32029 /* MainMenu.xib */; };
		256AC3DA0F4B6AC300CF3369 /* VisualAckAppDelegate.m in Sources */ = {isa = PBXBuildFile; fileRef = 256AC3D90F4B6AC300CF3369 /* VisualAckAppDelegate.m */; };
		7F267A851073DEBE000C2C6C /* FileSearcher.m in Sources */ = {isa = PBXBuildFile; fileRef = 7F267A841073DEBE000C2C6C /* FileSearcher.m */; };
		7F267A861073DEBE000C2C6C /* FileSearcher.m in Sources */ = {isa = PBXBuildFile; fileRef = 7F267A841073DEBE000C2C6C /* FileSearcher.m */; };
		7F267B911076E86D000C2C6C /* SearchOptions.m in Sources */ = {isa = PBXBuildFile; fileRef = 7F267B901076E86D000C2C6C /* SearchOptions.m */; };
		7F267B921076E86D000C2C6C /* SearchOptions.m in Sources */ = {isa = PBXBuildFile; fileRef = 7F267B901076E86D000C2C6C /* SearchOptions.m */; };
		7F52F49110BE742500D9395A /* Http.m in Sources */ = {isa = PBXBuildFile; fileRef = 7F52F49010BE742500D9395A /* Http.m */; };
		7F52F49210BE742500D9395A /* Http.m in Sources */ = {isa = PBXBuildFile; fileRef = 7F52F49010BE742500D9395A /* Http.m */; };
		7F52F56B10BFA3E700D9395A /* Security.framework in Frameworks */ = {isa = PBXBuildFile; fileRef = 7F52F56A10BFA3E700D9395A /* Security.framework */; };
		7F52F5B810C10CA200D9395A /* MainWindow.xib in Resources */ = {isa = PBXBuildFile; fileRef = 7F52F5B710C10CA200D9395A /* MainWindow.xib */; };
		7F599C701092893A00933EFC /* utassert.m in Sources */ = {isa = PBXBuildFile; fileRef = 7F599C6F1092893A00933EFC /* utassert.m */; };
		7F599CCC109294F900933EFC /* FileLineIterator.m in Sources */ = {isa = PBXBuildFile; fileRef = 7F74E244107DA1ED00D3AB3D /* FileLineIterator.m */; };
		7F599DF31093E4DE00933EFC /* FileSearchIterator.m in Sources */ = {isa = PBXBuildFile; fileRef = 7F599DF21093E4DE00933EFC /* FileSearchIterator.m */; };
		7F599DF41093E4DE00933EFC /* FileSearchIterator.m in Sources */ = {isa = PBXBuildFile; fileRef = 7F599DF21093E4DE00933EFC /* FileSearchIterator.m */; };
		7F599DF51093E4DE00933EFC /* FileSearchIterator.m in Sources */ = {isa = PBXBuildFile; fileRef = 7F599DF21093E4DE00933EFC /* FileSearchIterator.m */; };
		7F69A1711088582D00E8DDAC /* utvackmain.m in Sources */ = {isa = PBXBuildFile; fileRef = 7F69A1701088582D00E8DDAC /* utvackmain.m */; };
		7F69A17E108D848500E8DDAC /* libicucore.dylib in Frameworks */ = {isa = PBXBuildFile; fileRef = 7F74E22E107D813100D3AB3D /* libicucore.dylib */; };
		7F69A228108D858500E8DDAC /* libicucore.dylib in Frameworks */ = {isa = PBXBuildFile; fileRef = 7F74E22E107D813100D3AB3D /* libicucore.dylib */; };
		7F74E22F107D813100D3AB3D /* libicucore.dylib in Frameworks */ = {isa = PBXBuildFile; fileRef = 7F74E22E107D813100D3AB3D /* libicucore.dylib */; };
		7F74E234107D818200D3AB3D /* RegexKitLite.m in Sources */ = {isa = PBXBuildFile; fileRef = 7F74E233107D818200D3AB3D /* RegexKitLite.m */; };
		7F74E235107D818200D3AB3D /* RegexKitLite.m in Sources */ = {isa = PBXBuildFile; fileRef = 7F74E233107D818200D3AB3D /* RegexKitLite.m */; };
		7F74E245107DA1ED00D3AB3D /* FileLineIterator.m in Sources */ = {isa = PBXBuildFile; fileRef = 7F74E244107DA1ED00D3AB3D /* FileLineIterator.m */; };
		7F74E246107DA1ED00D3AB3D /* FileLineIterator.m in Sources */ = {isa = PBXBuildFile; fileRef = 7F74E244107DA1ED00D3AB3D /* FileLineIterator.m */; };
		7F7AAF5610967E1E009D785D /* RegexKitLite.m in Sources */ = {isa = PBXBuildFile; fileRef = 7F74E233107D818200D3AB3D /* RegexKitLite.m */; };
		7F7AAF661097B596009D785D /* VisualAck.icns in Resources */ = {isa = PBXBuildFile; fileRef = 7F7AAF651097B596009D785D /* VisualAck.icns */; };
		7F881CD110C8E29F0082F3FE /* FileSearchResult.m in Sources */ = {isa = PBXBuildFile; fileRef = 7F881CD010C8E29F0082F3FE /* FileSearchResult.m */; };
		7F881CD210C8E29F0082F3FE /* FileSearchResult.m in Sources */ = {isa = PBXBuildFile; fileRef = 7F881CD010C8E29F0082F3FE /* FileSearchResult.m */; };
		7F881CD310C8E29F0082F3FE /* FileSearchResult.m in Sources */ = {isa = PBXBuildFile; fileRef = 7F881CD010C8E29F0082F3FE /* FileSearchResult.m */; };
		7F884915106476810041161E /* MainWindowController.m in Sources */ = {isa = PBXBuildFile; fileRef = 7F884914106476810041161E /* MainWindowController.m */; };
		7F8ED79B10C6100A00EEDE30 /* PrefKeys.m in Sources */ = {isa = PBXBuildFile; fileRef = 7F8ED79A10C6100A00EEDE30 /* PrefKeys.m */; };
		7F8ED79C10C6100A00EEDE30 /* PrefKeys.m in Sources */ = {isa = PBXBuildFile; fileRef = 7F8ED79A10C6100A00EEDE30 /* PrefKeys.m */; };
		7F8ED79D10C6100A00EEDE30 /* PrefKeys.m in Sources */ = {isa = PBXBuildFile; fileRef = 7F8ED79A10C6100A00EEDE30 /* PrefKeys.m */; };
		7F8EF96F10B92E44001AF18B /* Sparkle.framework in Frameworks */ = {isa = PBXBuildFile; fileRef = 7F8EF96E10B92E44001AF18B /* Sparkle.framework */; };
		7F8EF9BA10BD259F001AF18B /* CrashReporter.m in Sources */ = {isa = PBXBuildFile; fileRef = 7F8EF9B910BD259F001AF18B /* CrashReporter.m */; };
		7F8EF9BB10BD259F001AF18B /* CrashReporter.m in Sources */ = {isa = PBXBuildFile; fileRef = 7F8EF9B910BD259F001AF18B /* CrashReporter.m */; };
		7F9F2D3C10BA330D00287C32 /* Sparkle.framework in Copy Frameworks */ = {isa = PBXBuildFile; fileRef = 7F8EF96E10B92E44001AF18B /* Sparkle.framework */; };
		7FA475C610BA37300050E022 /* vack in Copy Executables */ = {isa = PBXBuildFile; fileRef = 7FD0FFD1106B0A9B00A1927D /* vack */; };
		7FD0FFA51067090A00A1927D /* SearchResultsStatusBarView.m in Sources */ = {isa = PBXBuildFile; fileRef = 7FD0FFA41067090A00A1927D /* SearchResultsStatusBarView.m */; };
		7FD0FFD7106B0B7000A1927D /* vackmain.m in Sources */ = {isa = PBXBuildFile; fileRef = 7FD0FFD6106B0B7000A1927D /* vackmain.m */; };
		8D11072B0486CEB800E47090 /* InfoPlist.strings in Resources */ = {isa = PBXBuildFile; fileRef = 089C165CFE840E0CC02AAC07 /* InfoPlist.strings */; };
		8D11072D0486CEB800E47090 /* main.m in Sources */ = {isa = PBXBuildFile; fileRef = 29B97316FDCFA39411CA2CEA /* main.m */; settings = {ATTRIBUTES = (); }; };
		8D11072F0486CEB800E47090 /* Cocoa.framework in Frameworks */ = {isa = PBXBuildFile; fileRef = 1058C7A1FEA54F0111CA2CBB /* Cocoa.framework */; };
/* End PBXBuildFile section */

/* Begin PBXContainerItemProxy section */
		7F69A17410885A0200E8DDAC /* PBXContainerItemProxy */ = {
			isa = PBXContainerItemProxy;
			containerPortal = 29B97313FDCFA39411CA2CEA /* Project object */;
			proxyType = 1;
			remoteGlobalIDString = 7F69A1671088578D00E8DDAC;
			remoteInfo = utvack;
		};
		7F69A17610885A0F00E8DDAC /* PBXContainerItemProxy */ = {
			isa = PBXContainerItemProxy;
			containerPortal = 29B97313FDCFA39411CA2CEA /* Project object */;
			proxyType = 1;
			remoteGlobalIDString = 7F69A1671088578D00E8DDAC;
			remoteInfo = utvack;
		};
		7FD0FFDA106B0B9D00A1927D /* PBXContainerItemProxy */ = {
			isa = PBXContainerItemProxy;
			containerPortal = 29B97313FDCFA39411CA2CEA /* Project object */;
			proxyType = 1;
			remoteGlobalIDString = 7FD0FFD0106B0A9B00A1927D;
			remoteInfo = vack;
		};
/* End PBXContainerItemProxy section */

/* Begin PBXCopyFilesBuildPhase section */
		7F8EF98410B92EC0001AF18B /* CopyFiles */ = {
			isa = PBXCopyFilesBuildPhase;
			buildActionMask = 2147483647;
			dstPath = "";
			dstSubfolderSpec = 7;
			files = (
			);
			runOnlyForDeploymentPostprocessing = 0;
		};
		7F9F2D4010BA333200287C32 /* Copy Frameworks */ = {
			isa = PBXCopyFilesBuildPhase;
			buildActionMask = 2147483647;
			dstPath = "";
			dstSubfolderSpec = 10;
			files = (
				7F9F2D3C10BA330D00287C32 /* Sparkle.framework in Copy Frameworks */,
			);
			name = "Copy Frameworks";
			runOnlyForDeploymentPostprocessing = 0;
		};
		7FA475C510BA37220050E022 /* Copy Executables */ = {
			isa = PBXCopyFilesBuildPhase;
			buildActionMask = 2147483647;
			dstPath = "";
			dstSubfolderSpec = 7;
			files = (
				7FA475C610BA37300050E022 /* vack in Copy Executables */,
			);
			name = "Copy Executables";
			runOnlyForDeploymentPostprocessing = 0;
		};
/* End PBXCopyFilesBuildPhase section */

/* Begin PBXFileReference section */
		089C165DFE840E0CC02AAC07 /* English */ = {isa = PBXFileReference; fileEncoding = 4; lastKnownFileType = text.plist.strings; name = English; path = English.lproj/InfoPlist.strings; sourceTree = "<group>"; };
		1058C7A1FEA54F0111CA2CBB /* Cocoa.framework */ = {isa = PBXFileReference; lastKnownFileType = wrapper.framework; name = Cocoa.framework; path = /System/Library/Frameworks/Cocoa.framework; sourceTree = "<absolute>"; };
		13E42FB307B3F0F600E4EEF1 /* CoreData.framework */ = {isa = PBXFileReference; lastKnownFileType = wrapper.framework; name = CoreData.framework; path = /System/Library/Frameworks/CoreData.framework; sourceTree = "<absolute>"; };
		1DDD58150DA1D0A300B32029 /* English */ = {isa = PBXFileReference; lastKnownFileType = file.xib; name = English; path = English.lproj/MainMenu.xib; sourceTree = "<group>"; };
		256AC3D80F4B6AC300CF3369 /* VisualAckAppDelegate.h */ = {isa = PBXFileReference; fileEncoding = 4; lastKnownFileType = sourcecode.c.h; path = VisualAckAppDelegate.h; sourceTree = "<group>"; };
		256AC3D90F4B6AC300CF3369 /* VisualAckAppDelegate.m */ = {isa = PBXFileReference; fileEncoding = 4; lastKnownFileType = sourcecode.c.objc; path = VisualAckAppDelegate.m; sourceTree = "<group>"; };
		256AC3F00F4B6AF500CF3369 /* VisualAck_Prefix.pch */ = {isa = PBXFileReference; fileEncoding = 4; lastKnownFileType = sourcecode.c.h; path = VisualAck_Prefix.pch; sourceTree = "<group>"; };
		29B97316FDCFA39411CA2CEA /* main.m */ = {isa = PBXFileReference; fileEncoding = 4; lastKnownFileType = sourcecode.c.objc; path = main.m; sourceTree = "<group>"; };
		29B97324FDCFA39411CA2CEA /* AppKit.framework */ = {isa = PBXFileReference; lastKnownFileType = wrapper.framework; name = AppKit.framework; path = /System/Library/Frameworks/AppKit.framework; sourceTree = "<absolute>"; };
		29B97325FDCFA39411CA2CEA /* Foundation.framework */ = {isa = PBXFileReference; lastKnownFileType = wrapper.framework; name = Foundation.framework; path = /System/Library/Frameworks/Foundation.framework; sourceTree = "<absolute>"; };
		7F267A5E1073DAE2000C2C6C /* FileSearchProtocol.h */ = {isa = PBXFileReference; fileEncoding = 4; lastKnownFileType = sourcecode.c.h; path = FileSearchProtocol.h; sourceTree = "<group>"; };
		7F267A621073DCB4000C2C6C /* FileSearchResult.h */ = {isa = PBXFileReference; fileEncoding = 4; lastKnownFileType = sourcecode.c.h; path = FileSearchResult.h; sourceTree = "<group>"; };
		7F267A831073DEBE000C2C6C /* FileSearcher.h */ = {isa = PBXFileReference; fileEncoding = 4; lastKnownFileType = sourcecode.c.h; path = FileSearcher.h; sourceTree = "<group>"; };
		7F267A841073DEBE000C2C6C /* FileSearcher.m */ = {isa = PBXFileReference; fileEncoding = 4; lastKnownFileType = sourcecode.c.objc; path = FileSearcher.m; sourceTree = "<group>"; };
		7F267B761076E709000C2C6C /* SearchOptions.h */ = {isa = PBXFileReference; fileEncoding = 4; lastKnownFileType = sourcecode.c.h; path = SearchOptions.h; sourceTree = "<group>"; };
		7F267B901076E86D000C2C6C /* SearchOptions.m */ = {isa = PBXFileReference; fileEncoding = 4; lastKnownFileType = sourcecode.c.objc; path = SearchOptions.m; sourceTree = "<group>"; };
		7F52F48F10BE742500D9395A /* Http.h */ = {isa = PBXFileReference; fileEncoding = 4; lastKnownFileType = sourcecode.c.h; path = Http.h; sourceTree = "<group>"; };
		7F52F49010BE742500D9395A /* Http.m */ = {isa = PBXFileReference; fileEncoding = 4; lastKnownFileType = sourcecode.c.objc; path = Http.m; sourceTree = "<group>"; };
		7F52F56A10BFA3E700D9395A /* Security.framework */ = {isa = PBXFileReference; lastKnownFileType = wrapper.framework; name = Security.framework; path = System/Library/Frameworks/Security.framework; sourceTree = SDKROOT; };
		7F52F5B710C10CA200D9395A /* MainWindow.xib */ = {isa = PBXFileReference; lastKnownFileType = file.xib; path = MainWindow.xib; sourceTree = "<group>"; };
		7F599C6E1092893A00933EFC /* utassert.h */ = {isa = PBXFileReference; fileEncoding = 4; lastKnownFileType = sourcecode.c.h; path = utassert.h; sourceTree = "<group>"; };
		7F599C6F1092893A00933EFC /* utassert.m */ = {isa = PBXFileReference; fileEncoding = 4; lastKnownFileType = sourcecode.c.objc; path = utassert.m; sourceTree = "<group>"; };
		7F599DF11093E4DE00933EFC /* FileSearchIterator.h */ = {isa = PBXFileReference; fileEncoding = 4; lastKnownFileType = sourcecode.c.h; path = FileSearchIterator.h; sourceTree = "<group>"; };
		7F599DF21093E4DE00933EFC /* FileSearchIterator.m */ = {isa = PBXFileReference; fileEncoding = 4; lastKnownFileType = sourcecode.c.objc; path = FileSearchIterator.m; sourceTree = "<group>"; };
		7F69A1681088578D00E8DDAC /* utvack */ = {isa = PBXFileReference; explicitFileType = "compiled.mach-o.executable"; includeInIndex = 0; path = utvack; sourceTree = BUILT_PRODUCTS_DIR; };
		7F69A1701088582D00E8DDAC /* utvackmain.m */ = {isa = PBXFileReference; fileEncoding = 4; lastKnownFileType = sourcecode.c.objc; path = utvackmain.m; sourceTree = "<group>"; };
		7F74E22E107D813100D3AB3D /* libicucore.dylib */ = {isa = PBXFileReference; lastKnownFileType = "compiled.mach-o.dylib"; name = libicucore.dylib; path = /usr/lib/libicucore.dylib; sourceTree = "<absolute>"; };
		7F74E232107D818200D3AB3D /* RegexKitLite.h */ = {isa = PBXFileReference; fileEncoding = 4; lastKnownFileType = sourcecode.c.h; name = RegexKitLite.h; path = ThirdParty/RegexKitLite.h; sourceTree = "<group>"; };
		7F74E233107D818200D3AB3D /* RegexKitLite.m */ = {isa = PBXFileReference; fileEncoding = 4; lastKnownFileType = sourcecode.c.objc; name = RegexKitLite.m; path = ThirdParty/RegexKitLite.m; sourceTree = "<group>"; };
		7F74E243107DA1ED00D3AB3D /* FileLineIterator.h */ = {isa = PBXFileReference; fileEncoding = 4; lastKnownFileType = sourcecode.c.h; path = FileLineIterator.h; sourceTree = "<group>"; };
		7F74E244107DA1ED00D3AB3D /* FileLineIterator.m */ = {isa = PBXFileReference; fileEncoding = 4; lastKnownFileType = sourcecode.c.objc; path = FileLineIterator.m; sourceTree = "<group>"; };
		7F7AAF651097B596009D785D /* VisualAck.icns */ = {isa = PBXFileReference; lastKnownFileType = image.icns; path = VisualAck.icns; sourceTree = "<group>"; };
		7F881CD010C8E29F0082F3FE /* FileSearchResult.m */ = {isa = PBXFileReference; fileEncoding = 4; lastKnownFileType = sourcecode.c.objc; path = FileSearchResult.m; sourceTree = "<group>"; };
		7F884913106476810041161E /* MainWindowController.h */ = {isa = PBXFileReference; fileEncoding = 4; lastKnownFileType = sourcecode.c.h; path = MainWindowController.h; sourceTree = "<group>"; };
		7F884914106476810041161E /* MainWindowController.m */ = {isa = PBXFileReference; fileEncoding = 4; lastKnownFileType = sourcecode.c.objc; path = MainWindowController.m; sourceTree = "<group>"; };
		7F8ED79910C60FDC00EEDE30 /* PrefKeys.h */ = {isa = PBXFileReference; fileEncoding = 4; lastKnownFileType = sourcecode.c.h; path = PrefKeys.h; sourceTree = "<group>"; };
		7F8ED79A10C6100A00EEDE30 /* PrefKeys.m */ = {isa = PBXFileReference; fileEncoding = 4; lastKnownFileType = sourcecode.c.objc; path = PrefKeys.m; sourceTree = "<group>"; };
		7F8EF96E10B92E44001AF18B /* Sparkle.framework */ = {isa = PBXFileReference; lastKnownFileType = wrapper.framework; path = Sparkle.framework; sourceTree = "<group>"; };
		7F8EF9B810BD259F001AF18B /* CrashReporter.h */ = {isa = PBXFileReference; fileEncoding = 4; lastKnownFileType = sourcecode.c.h; path = CrashReporter.h; sourceTree = "<group>"; };
		7F8EF9B910BD259F001AF18B /* CrashReporter.m */ = {isa = PBXFileReference; fileEncoding = 4; lastKnownFileType = sourcecode.c.objc; path = CrashReporter.m; sourceTree = "<group>"; };
		7FC0F8F310647CA40000B779 /* todo.txt */ = {isa = PBXFileReference; fileEncoding = 4; lastKnownFileType = text; name = todo.txt; path = ../todo.txt; sourceTree = SOURCE_ROOT; };
		7FD0FFA31067090A00A1927D /* SearchResultsStatusBarView.h */ = {isa = PBXFileReference; fileEncoding = 4; lastKnownFileType = sourcecode.c.h; path = SearchResultsStatusBarView.h; sourceTree = "<group>"; };
		7FD0FFA41067090A00A1927D /* SearchResultsStatusBarView.m */ = {isa = PBXFileReference; fileEncoding = 4; lastKnownFileType = sourcecode.c.objc; path = SearchResultsStatusBarView.m; sourceTree = "<group>"; };
		7FD0FFD1106B0A9B00A1927D /* vack */ = {isa = PBXFileReference; explicitFileType = "compiled.mach-o.executable"; includeInIndex = 0; path = vack; sourceTree = BUILT_PRODUCTS_DIR; };
		7FD0FFD6106B0B7000A1927D /* vackmain.m */ = {isa = PBXFileReference; fileEncoding = 4; lastKnownFileType = sourcecode.c.objc; path = vackmain.m; sourceTree = "<group>"; };
		8D1107310486CEB800E47090 /* VisualAck-Info.plist */ = {isa = PBXFileReference; fileEncoding = 4; lastKnownFileType = text.plist.xml; path = "VisualAck-Info.plist"; sourceTree = "<group>"; };
		8D1107320486CEB800E47090 /* VisualAck.app */ = {isa = PBXFileReference; explicitFileType = wrapper.application; includeInIndex = 0; path = VisualAck.app; sourceTree = BUILT_PRODUCTS_DIR; };
/* End PBXFileReference section */

/* Begin PBXFrameworksBuildPhase section */
		7F69A1661088578D00E8DDAC /* Frameworks */ = {
			isa = PBXFrameworksBuildPhase;
			buildActionMask = 2147483647;
			files = (
				7F69A17E108D848500E8DDAC /* libicucore.dylib in Frameworks */,
			);
			runOnlyForDeploymentPostprocessing = 0;
		};
		7FD0FFCF106B0A9B00A1927D /* Frameworks */ = {
			isa = PBXFrameworksBuildPhase;
			buildActionMask = 2147483647;
			files = (
				7F74E22F107D813100D3AB3D /* libicucore.dylib in Frameworks */,
			);
			runOnlyForDeploymentPostprocessing = 0;
		};
		8D11072E0486CEB800E47090 /* Frameworks */ = {
			isa = PBXFrameworksBuildPhase;
			buildActionMask = 2147483647;
			files = (
				7F69A228108D858500E8DDAC /* libicucore.dylib in Frameworks */,
				8D11072F0486CEB800E47090 /* Cocoa.framework in Frameworks */,
				7F8EF96F10B92E44001AF18B /* Sparkle.framework in Frameworks */,
				7F52F56B10BFA3E700D9395A /* Security.framework in Frameworks */,
			);
			runOnlyForDeploymentPostprocessing = 0;
		};
/* End PBXFrameworksBuildPhase section */

/* Begin PBXGroup section */
		080E96DDFE201D6D7F000001 /* Common */ = {
			isa = PBXGroup;
			children = (
				7F52F48F10BE742500D9395A /* Http.h */,
				7F52F49010BE742500D9395A /* Http.m */,
				7F599C6E1092893A00933EFC /* utassert.h */,
				7F599C6F1092893A00933EFC /* utassert.m */,
				7F74E243107DA1ED00D3AB3D /* FileLineIterator.h */,
				7F74E244107DA1ED00D3AB3D /* FileLineIterator.m */,
				7F267A831073DEBE000C2C6C /* FileSearcher.h */,
				7F267A841073DEBE000C2C6C /* FileSearcher.m */,
				7F599DF11093E4DE00933EFC /* FileSearchIterator.h */,
				7F599DF21093E4DE00933EFC /* FileSearchIterator.m */,
				7F267A5E1073DAE2000C2C6C /* FileSearchProtocol.h */,
				7F267A621073DCB4000C2C6C /* FileSearchResult.h */,
				7F881CD010C8E29F0082F3FE /* FileSearchResult.m */,
				7F267B901076E86D000C2C6C /* SearchOptions.m */,
				7F267B761076E709000C2C6C /* SearchOptions.h */,
				7F8EF9B810BD259F001AF18B /* CrashReporter.h */,
				7F8EF9B910BD259F001AF18B /* CrashReporter.m */,
				7F8ED79910C60FDC00EEDE30 /* PrefKeys.h */,
				7F8ED79A10C6100A00EEDE30 /* PrefKeys.m */,
			);
			name = Common;
			sourceTree = "<group>";
		};
		1058C7A0FEA54F0111CA2CBB /* Linked Frameworks */ = {
			isa = PBXGroup;
			children = (
				7F8EF96E10B92E44001AF18B /* Sparkle.framework */,
				1058C7A1FEA54F0111CA2CBB /* Cocoa.framework */,
			);
			name = "Linked Frameworks";
			sourceTree = "<group>";
		};
		1058C7A2FEA54F0111CA2CBB /* Other Frameworks */ = {
			isa = PBXGroup;
			children = (
				29B97324FDCFA39411CA2CEA /* AppKit.framework */,
				13E42FB307B3F0F600E4EEF1 /* CoreData.framework */,
				29B97325FDCFA39411CA2CEA /* Foundation.framework */,
				7F74E22E107D813100D3AB3D /* libicucore.dylib */,
				7F52F56A10BFA3E700D9395A /* Security.framework */,
			);
			name = "Other Frameworks";
			sourceTree = "<group>";
		};
		19C28FACFE9D520D11CA2CBB /* Products */ = {
			isa = PBXGroup;
			children = (
				8D1107320486CEB800E47090 /* VisualAck.app */,
				7FD0FFD1106B0A9B00A1927D /* vack */,
				7F69A1681088578D00E8DDAC /* utvack */,
			);
			name = Products;
			sourceTree = "<group>";
		};
		29B97314FDCFA39411CA2CEA /* VisualAck */ = {
			isa = PBXGroup;
			children = (
				7F74E20D107D804F00D3AB3D /* Third Party */,
				080E96DDFE201D6D7F000001 /* Common */,
				7F599DF61093E4F900933EFC /* VisualAck */,
				29B97315FDCFA39411CA2CEA /* Vack */,
				29B97317FDCFA39411CA2CEA /* Resources */,
				29B97323FDCFA39411CA2CEA /* Frameworks */,
				19C28FACFE9D520D11CA2CBB /* Products */,
			);
			name = VisualAck;
			sourceTree = "<group>";
		};
		29B97315FDCFA39411CA2CEA /* Vack */ = {
			isa = PBXGroup;
			children = (
				7FC0F8F310647CA40000B779 /* todo.txt */,
				7FD0FFD6106B0B7000A1927D /* vackmain.m */,
				7F69A1701088582D00E8DDAC /* utvackmain.m */,
				256AC3F00F4B6AF500CF3369 /* VisualAck_Prefix.pch */,
			);
			name = Vack;
			sourceTree = "<group>";
		};
		29B97317FDCFA39411CA2CEA /* Resources */ = {
			isa = PBXGroup;
			children = (
				7F7AAF651097B596009D785D /* VisualAck.icns */,
				8D1107310486CEB800E47090 /* VisualAck-Info.plist */,
				089C165CFE840E0CC02AAC07 /* InfoPlist.strings */,
				1DDD58140DA1D0A300B32029 /* MainMenu.xib */,
				7F52F5B710C10CA200D9395A /* MainWindow.xib */,
			);
			name = Resources;
			sourceTree = "<group>";
		};
		29B97323FDCFA39411CA2CEA /* Frameworks */ = {
			isa = PBXGroup;
			children = (
				1058C7A0FEA54F0111CA2CBB /* Linked Frameworks */,
				1058C7A2FEA54F0111CA2CBB /* Other Frameworks */,
			);
			name = Frameworks;
			sourceTree = "<group>";
		};
		7F599DF61093E4F900933EFC /* VisualAck */ = {
			isa = PBXGroup;
			children = (
				29B97316FDCFA39411CA2CEA /* main.m */,
				7FD0FFA31067090A00A1927D /* SearchResultsStatusBarView.h */,
				7FD0FFA41067090A00A1927D /* SearchResultsStatusBarView.m */,
				7F884913106476810041161E /* MainWindowController.h */,
				7F884914106476810041161E /* MainWindowController.m */,
				256AC3D80F4B6AC300CF3369 /* VisualAckAppDelegate.h */,
				256AC3D90F4B6AC300CF3369 /* VisualAckAppDelegate.m */,
			);
			name = VisualAck;
			sourceTree = "<group>";
		};
		7F74E20D107D804F00D3AB3D /* Third Party */ = {
			isa = PBXGroup;
			children = (
				7F74E232107D818200D3AB3D /* RegexKitLite.h */,
				7F74E233107D818200D3AB3D /* RegexKitLite.m */,
			);
			name = "Third Party";
			sourceTree = "<group>";
		};
/* End PBXGroup section */

/* Begin PBXNativeTarget section */
		7F69A1671088578D00E8DDAC /* utvack */ = {
			isa = PBXNativeTarget;
			buildConfigurationList = 7F69A16C108857C100E8DDAC /* Build configuration list for PBXNativeTarget "utvack" */;
			buildPhases = (
				7F69A1651088578D00E8DDAC /* Sources */,
				7F69A1661088578D00E8DDAC /* Frameworks */,
			);
			buildRules = (
			);
			dependencies = (
			);
			name = utvack;
			productName = utvack;
			productReference = 7F69A1681088578D00E8DDAC /* utvack */;
			productType = "com.apple.product-type.tool";
		};
		7FD0FFD0106B0A9B00A1927D /* vack */ = {
			isa = PBXNativeTarget;
			buildConfigurationList = 7FD0FFD5106B0AB900A1927D /* Build configuration list for PBXNativeTarget "vack" */;
			buildPhases = (
				7FD0FFCE106B0A9B00A1927D /* Sources */,
				7FD0FFCF106B0A9B00A1927D /* Frameworks */,
				7F8EF98410B92EC0001AF18B /* CopyFiles */,
			);
			buildRules = (
			);
			dependencies = (
				7F69A17510885A0200E8DDAC /* PBXTargetDependency */,
			);
			name = vack;
			productName = vack;
			productReference = 7FD0FFD1106B0A9B00A1927D /* vack */;
			productType = "com.apple.product-type.tool";
		};
		8D1107260486CEB800E47090 /* VisualAck */ = {
			isa = PBXNativeTarget;
			buildConfigurationList = C01FCF4A08A954540054247B /* Build configuration list for PBXNativeTarget "VisualAck" */;
			buildPhases = (
				8D1107290486CEB800E47090 /* Resources */,
				8D11072C0486CEB800E47090 /* Sources */,
				8D11072E0486CEB800E47090 /* Frameworks */,
				7F9F2D4010BA333200287C32 /* Copy Frameworks */,
				7FA475C510BA37220050E022 /* Copy Executables */,
			);
			buildRules = (
			);
			dependencies = (
				7FD0FFDB106B0B9D00A1927D /* PBXTargetDependency */,
				7F69A17710885A0F00E8DDAC /* PBXTargetDependency */,
			);
			name = VisualAck;
			productInstallPath = "$(HOME)/Applications";
			productName = VisualAck;
			productReference = 8D1107320486CEB800E47090 /* VisualAck.app */;
			productType = "com.apple.product-type.application";
		};
/* End PBXNativeTarget section */

/* Begin PBXProject section */
		29B97313FDCFA39411CA2CEA /* Project object */ = {
			isa = PBXProject;
			attributes = {
				ORGANIZATIONNAME = "Krzysztof Kowalczyk";
			};
			buildConfigurationList = C01FCF4E08A954540054247B /* Build configuration list for PBXProject "VisualAck" */;
			compatibilityVersion = "Xcode 3.1";
			hasScannedForEncodings = 1;
			mainGroup = 29B97314FDCFA39411CA2CEA /* VisualAck */;
			projectDirPath = "";
			projectRoot = "";
			targets = (
				8D1107260486CEB800E47090 /* VisualAck */,
				7FD0FFD0106B0A9B00A1927D /* vack */,
				7F69A1671088578D00E8DDAC /* utvack */,
			);
		};
/* End PBXProject section */

/* Begin PBXResourcesBuildPhase section */
		8D1107290486CEB800E47090 /* Resources */ = {
			isa = PBXResourcesBuildPhase;
			buildActionMask = 2147483647;
			files = (
				8D11072B0486CEB800E47090 /* InfoPlist.strings in Resources */,
				1DDD58160DA1D0A300B32029 /* MainMenu.xib in Resources */,
				7F7AAF661097B596009D785D /* VisualAck.icns in Resources */,
				7F52F5B810C10CA200D9395A /* MainWindow.xib in Resources */,
			);
			runOnlyForDeploymentPostprocessing = 0;
		};
/* End PBXResourcesBuildPhase section */

/* Begin PBXSourcesBuildPhase section */
		7F69A1651088578D00E8DDAC /* Sources */ = {
			isa = PBXSourcesBuildPhase;
			buildActionMask = 2147483647;
			files = (
				7F69A1711088582D00E8DDAC /* utvackmain.m in Sources */,
				7F599C701092893A00933EFC /* utassert.m in Sources */,
				7F599CCC109294F900933EFC /* FileLineIterator.m in Sources */,
				7F599DF31093E4DE00933EFC /* FileSearchIterator.m in Sources */,
				7F7AAF5610967E1E009D785D /* RegexKitLite.m in Sources */,
				7F8ED79D10C6100A00EEDE30 /* PrefKeys.m in Sources */,
				7F881CD210C8E29F0082F3FE /* FileSearchResult.m in Sources */,
			);
			runOnlyForDeploymentPostprocessing = 0;
		};
		7FD0FFCE106B0A9B00A1927D /* Sources */ = {
			isa = PBXSourcesBuildPhase;
			buildActionMask = 2147483647;
			files = (
				7FD0FFD7106B0B7000A1927D /* vackmain.m in Sources */,
				7F267A861073DEBE000C2C6C /* FileSearcher.m in Sources */,
				7F267B921076E86D000C2C6C /* SearchOptions.m in Sources */,
				7F74E235107D818200D3AB3D /* RegexKitLite.m in Sources */,
				7F74E245107DA1ED00D3AB3D /* FileLineIterator.m in Sources */,
				7F599DF41093E4DE00933EFC /* FileSearchIterator.m in Sources */,
				7F8EF9BB10BD259F001AF18B /* CrashReporter.m in Sources */,
				7F52F49210BE742500D9395A /* Http.m in Sources */,
				7F8ED79C10C6100A00EEDE30 /* PrefKeys.m in Sources */,
				7F881CD310C8E29F0082F3FE /* FileSearchResult.m in Sources */,
			);
			runOnlyForDeploymentPostprocessing = 0;
		};
		8D11072C0486CEB800E47090 /* Sources */ = {
			isa = PBXSourcesBuildPhase;
			buildActionMask = 2147483647;
			files = (
				8D11072D0486CEB800E47090 /* main.m in Sources */,
				256AC3DA0F4B6AC300CF3369 /* VisualAckAppDelegate.m in Sources */,
				7F884915106476810041161E /* MainWindowController.m in Sources */,
				7FD0FFA51067090A00A1927D /* SearchResultsStatusBarView.m in Sources */,
				7F267A851073DEBE000C2C6C /* FileSearcher.m in Sources */,
				7F267B911076E86D000C2C6C /* SearchOptions.m in Sources */,
				7F74E234107D818200D3AB3D /* RegexKitLite.m in Sources */,
				7F74E246107DA1ED00D3AB3D /* FileLineIterator.m in Sources */,
				7F599DF51093E4DE00933EFC /* FileSearchIterator.m in Sources */,
				7F8EF9BA10BD259F001AF18B /* CrashReporter.m in Sources */,
				7F52F49110BE742500D9395A /* Http.m in Sources */,
				7F8ED79B10C6100A00EEDE30 /* PrefKeys.m in Sources */,
				7F881CD110C8E29F0082F3FE /* FileSearchResult.m in Sources */,
			);
			runOnlyForDeploymentPostprocessing = 0;
		};
/* End PBXSourcesBuildPhase section */

/* Begin PBXTargetDependency section */
		7F69A17510885A0200E8DDAC /* PBXTargetDependency */ = {
			isa = PBXTargetDependency;
			target = 7F69A1671088578D00E8DDAC /* utvack */;
			targetProxy = 7F69A17410885A0200E8DDAC /* PBXContainerItemProxy */;
		};
		7F69A17710885A0F00E8DDAC /* PBXTargetDependency */ = {
			isa = PBXTargetDependency;
			target = 7F69A1671088578D00E8DDAC /* utvack */;
			targetProxy = 7F69A17610885A0F00E8DDAC /* PBXContainerItemProxy */;
		};
		7FD0FFDB106B0B9D00A1927D /* PBXTargetDependency */ = {
			isa = PBXTargetDependency;
			target = 7FD0FFD0106B0A9B00A1927D /* vack */;
			targetProxy = 7FD0FFDA106B0B9D00A1927D /* PBXContainerItemProxy */;
		};
/* End PBXTargetDependency section */

/* Begin PBXVariantGroup section */
		089C165CFE840E0CC02AAC07 /* InfoPlist.strings */ = {
			isa = PBXVariantGroup;
			children = (
				089C165DFE840E0CC02AAC07 /* English */,
			);
			name = InfoPlist.strings;
			sourceTree = "<group>";
		};
		1DDD58140DA1D0A300B32029 /* MainMenu.xib */ = {
			isa = PBXVariantGroup;
			children = (
				1DDD58150DA1D0A300B32029 /* English */,
			);
			name = MainMenu.xib;
			sourceTree = "<group>";
		};
/* End PBXVariantGroup section */

/* Begin XCBuildConfiguration section */
		7F69A16A1088578D00E8DDAC /* Debug */ = {
			isa = XCBuildConfiguration;
			buildSettings = {
				ALWAYS_SEARCH_USER_PATHS = NO;
				COPY_PHASE_STRIP = NO;
				GCC_DYNAMIC_NO_PIC = NO;
				GCC_ENABLE_FIX_AND_CONTINUE = YES;
				GCC_MODEL_TUNING = G5;
				GCC_OPTIMIZATION_LEVEL = 0;
				GCC_PRECOMPILE_PREFIX_HEADER = YES;
				GCC_PREFIX_HEADER = "$(SYSTEM_LIBRARY_DIR)/Frameworks/AppKit.framework/Headers/AppKit.h";
				INSTALL_PATH = /usr/local/bin;
				OTHER_LDFLAGS = (
					"-framework",
					Foundation,
					"-framework",
					AppKit,
				);
				PREBINDING = NO;
				PRODUCT_NAME = utvack;
			};
			name = Debug;
		};
		7F69A16B1088578D00E8DDAC /* Release */ = {
			isa = XCBuildConfiguration;
			buildSettings = {
				ALWAYS_SEARCH_USER_PATHS = NO;
				COPY_PHASE_STRIP = YES;
				DEBUG_INFORMATION_FORMAT = "dwarf-with-dsym";
				GCC_ENABLE_FIX_AND_CONTINUE = NO;
				GCC_MODEL_TUNING = G5;
				GCC_PRECOMPILE_PREFIX_HEADER = YES;
				GCC_PREFIX_HEADER = "$(SYSTEM_LIBRARY_DIR)/Frameworks/AppKit.framework/Headers/AppKit.h";
				INSTALL_PATH = /usr/local/bin;
				ONLY_ACTIVE_ARCH = YES;
				OTHER_LDFLAGS = (
					"-framework",
					Foundation,
					"-framework",
					AppKit,
				);
				PREBINDING = NO;
				PRODUCT_NAME = utvack;
				ZERO_LINK = NO;
			};
			name = Release;
		};
		7FD0FFD3106B0A9B00A1927D /* Debug */ = {
			isa = XCBuildConfiguration;
			buildSettings = {
				ALWAYS_SEARCH_USER_PATHS = NO;
				COPY_PHASE_STRIP = NO;
				GCC_DYNAMIC_NO_PIC = NO;
				GCC_ENABLE_FIX_AND_CONTINUE = YES;
				GCC_MODEL_TUNING = G5;
				GCC_OPTIMIZATION_LEVEL = 0;
				GCC_PRECOMPILE_PREFIX_HEADER = YES;
				GCC_PREFIX_HEADER = "$(SYSTEM_LIBRARY_DIR)/Frameworks/AppKit.framework/Headers/AppKit.h";
				INSTALL_PATH = /usr/local/bin;
				OTHER_LDFLAGS = (
					"-framework",
					Foundation,
					"-framework",
					AppKit,
				);
				PREBINDING = NO;
				PRODUCT_NAME = vack;
			};
			name = Debug;
		};
		7FD0FFD4106B0A9B00A1927D /* Release */ = {
			isa = XCBuildConfiguration;
			buildSettings = {
				ALWAYS_SEARCH_USER_PATHS = NO;
				COPY_PHASE_STRIP = YES;
				DEBUG_INFORMATION_FORMAT = "dwarf-with-dsym";
				GCC_ENABLE_FIX_AND_CONTINUE = NO;
				GCC_MODEL_TUNING = G5;
				GCC_PRECOMPILE_PREFIX_HEADER = YES;
				GCC_PREFIX_HEADER = "$(SYSTEM_LIBRARY_DIR)/Frameworks/AppKit.framework/Headers/AppKit.h";
				INSTALL_PATH = /usr/local/bin;
				OTHER_LDFLAGS = (
					"-framework",
					Foundation,
					"-framework",
					AppKit,
				);
				PREBINDING = NO;
				PRODUCT_NAME = vack;
				ZERO_LINK = NO;
			};
			name = Release;
		};
		C01FCF4B08A954540054247B /* Debug */ = {
			isa = XCBuildConfiguration;
			buildSettings = {
				ALWAYS_SEARCH_USER_PATHS = NO;
				COPY_PHASE_STRIP = NO;
				FRAMEWORK_SEARCH_PATHS = (
					"$(inherited)",
					"\"$(SRCROOT)\"",
				);
				GCC_DYNAMIC_NO_PIC = NO;
				GCC_ENABLE_FIX_AND_CONTINUE = YES;
				GCC_MODEL_TUNING = G5;
				GCC_OPTIMIZATION_LEVEL = 0;
				GCC_PRECOMPILE_PREFIX_HEADER = YES;
				GCC_PREFIX_HEADER = VisualAck_Prefix.pch;
				INFOPLIST_FILE = "VisualAck-Info.plist";
				INSTALL_PATH = "$(HOME)/Applications";
				PRODUCT_NAME = VisualAck;
			};
			name = Debug;
		};
		C01FCF4C08A954540054247B /* Release */ = {
			isa = XCBuildConfiguration;
			buildSettings = {
				ALWAYS_SEARCH_USER_PATHS = NO;
				DEBUG_INFORMATION_FORMAT = "dwarf-with-dsym";
				FRAMEWORK_SEARCH_PATHS = (
					"$(inherited)",
					"\"$(SRCROOT)\"",
				);
				GCC_MODEL_TUNING = G5;
				GCC_PRECOMPILE_PREFIX_HEADER = YES;
				GCC_PREFIX_HEADER = VisualAck_Prefix.pch;
				INFOPLIST_FILE = "VisualAck-Info.plist";
				INSTALL_PATH = "$(HOME)/Applications";
				PRODUCT_NAME = VisualAck;
				VALID_ARCHS = "i386 x86_64";
			};
			name = Release;
		};
		C01FCF4F08A954540054247B /* Debug */ = {
			isa = XCBuildConfiguration;
			buildSettings = {
				ARCHS = "$(ARCHS_STANDARD_32_64_BIT)";
				DEBUG_INFORMATION_FORMAT = "dwarf-with-dsym";
				GCC_C_LANGUAGE_STANDARD = gnu99;
				GCC_ENABLE_OBJC_EXCEPTIONS = NO;
				GCC_ENABLE_OBJC_GC = unsupported;
				GCC_OPTIMIZATION_LEVEL = 0;
				GCC_VERSION = com.apple.compilers.llvm.clang.1_0;
				GCC_WARN_ABOUT_RETURN_TYPE = YES;
				GCC_WARN_UNINITIALIZED_AUTOS = YES;
				GCC_WARN_UNKNOWN_PRAGMAS = YES;
				GCC_WARN_UNUSED_FUNCTION = YES;
				GCC_WARN_UNUSED_LABEL = YES;
				GCC_WARN_UNUSED_PARAMETER = YES;
				GCC_WARN_UNUSED_VALUE = YES;
				GCC_WARN_UNUSED_VARIABLE = YES;
				ONLY_ACTIVE_ARCH = YES;
				PREBINDING = NO;
				SDKROOT = macosx10.5;
				VALID_ARCHS = "i386 x86_64";
			};
			name = Debug;
		};
		C01FCF5008A954540054247B /* Release */ = {
			isa = XCBuildConfiguration;
			buildSettings = {
				ARCHS = "$(ARCHS_STANDARD_32_64_BIT)";
				DEBUG_INFORMATION_FORMAT = "dwarf-with-dsym";
				GCC_C_LANGUAGE_STANDARD = gnu99;
				GCC_ENABLE_OBJC_EXCEPTIONS = NO;
				GCC_ENABLE_OBJC_GC = unsupported;
				GCC_VERSION = com.apple.compilers.llvmgcc42;
				GCC_WARN_ABOUT_RETURN_TYPE = YES;
				GCC_WARN_UNINITIALIZED_AUTOS = YES;
				GCC_WARN_UNKNOWN_PRAGMAS = YES;
				GCC_WARN_UNUSED_FUNCTION = YES;
				GCC_WARN_UNUSED_LABEL = YES;
				GCC_WARN_UNUSED_PARAMETER = YES;
				GCC_WARN_UNUSED_VALUE = YES;
				GCC_WARN_UNUSED_VARIABLE = YES;
				PREBINDING = NO;
				SDKROOT = macosx10.5;
			};
			name = Release;
		};
/* End XCBuildConfiguration section */

/* Begin XCConfigurationList section */
		7F69A16C108857C100E8DDAC /* Build configuration list for PBXNativeTarget "utvack" */ = {
			isa = XCConfigurationList;
			buildConfigurations = (
				7F69A16A1088578D00E8DDAC /* Debug */,
				7F69A16B1088578D00E8DDAC /* Release */,
			);
			defaultConfigurationIsVisible = 0;
			defaultConfigurationName = Release;
		};
		7FD0FFD5106B0AB900A1927D /* Build configuration list for PBXNativeTarget "vack" */ = {
			isa = XCConfigurationList;
			buildConfigurations = (
				7FD0FFD3106B0A9B00A1927D /* Debug */,
				7FD0FFD4106B0A9B00A1927D /* Release */,
			);
			defaultConfigurationIsVisible = 0;
			defaultConfigurationName = Release;
		};
		C01FCF4A08A954540054247B /* Build configuration list for PBXNativeTarget "VisualAck" */ = {
			isa = XCConfigurationList;
			buildConfigurations = (
				C01FCF4B08A954540054247B /* Debug */,
				C01FCF4C08A954540054247B /* Release */,
			);
			defaultConfigurationIsVisible = 0;
			defaultConfigurationName = Release;
		};
		C01FCF4E08A954540054247B /* Build configuration list for PBXProject "VisualAck" */ = {
			isa = XCConfigurationList;
			buildConfigurations = (
				C01FCF4F08A954540054247B /* Debug */,
				C01FCF5008A954540054247B /* Release */,
			);
			defaultConfigurationIsVisible = 0;
			defaultConfigurationName = Release;
		};
/* End XCConfigurationList section */
	};
	rootObject = 29B97313FDCFA39411CA2CEA /* Project object */;
}
